
Microsoft Visual Studio Solution File, Format Version 12.00
# Visual Studio Version 16
VisualStudioVersion = 16.0.34031.81
MinimumVisualStudioVersion = 10.0.40219.1
Project("{FAE04EC0-301F-11D3-BF4B-00C04F79EFBC}") = "AbyssVehicle", "AbyssVehicle\AbyssVehicle.csproj", "{DAB50A98-B8E1-4197-886A-74628D7EC6E8}"
EndProject
Global
	GlobalSection(SolutionConfigurationPlatforms) = preSolution
		Debug|Any CPU = Debug|Any CPU
		Release|Any CPU = Release|Any CPU
	EndGlobalSection
	GlobalSection(ProjectConfigurationPlatforms) = postSolution
		{DAB50A98-B8E1-4197-886A-74628D7EC6E8}.Debug|Any CPU.ActiveCfg = Debug|Any CPU
		{DAB50A98-B8E1-4197-886A-74628D7EC6E8}.Debug|Any CPU.Build.0 = Debug|Any CPU
		{DAB50A98-B8E1-4197-886A-74628D7EC6E8}.Release|Any CPU.ActiveCfg = Release|Any CPU
		{DAB50A98-B8E1-4197-886A-74628D7EC6E8}.Release|Any CPU.Build.0 = Release|Any CPU
	EndGlobalSection
	GlobalSection(SolutionProperties) = preSolution
		HideSolutionNode = FALSE
	EndGlobalSection
	GlobalSection(ExtensibilityGlobals) = postSolution
		SolutionGuid = {1DC26701-0285-4FE4-A953-03040D525D77}
	EndGlobalSection
EndGlobal
