
Microsoft Visual Studio Solution File, Format Version 12.00
# Visual Studio Version 16
VisualStudioVersion = 16.0.31205.134
MinimumVisualStudioVersion = 10.0.40219.1
Project("{FAE04EC0-301F-11D3-BF4B-00C04F79EFBC}") = "AtramaVehicle", "AtramaVehicle\AtramaVehicle.csproj", "{9B610973-3FD5-4C16-BC16-6E2BD8930ABB}"
EndProject
Global
	GlobalSection(SolutionConfigurationPlatforms) = preSolution
		Debug|Any CPU = Debug|Any CPU
		Release|Any CPU = Release|Any CPU
	EndGlobalSection
	GlobalSection(ProjectConfigurationPlatforms) = postSolution
		{9B610973-3FD5-4C16-BC16-6E2BD8930ABB}.Debug|Any CPU.ActiveCfg = Debug|Any CPU
		{9B610973-3FD5-4C16-BC16-6E2BD8930ABB}.Debug|Any CPU.Build.0 = Debug|Any CPU
		{9B610973-3FD5-4C16-BC16-6E2BD8930ABB}.Release|Any CPU.ActiveCfg = Release|Any CPU
		{9B610973-3FD5-4C16-BC16-6E2BD8930ABB}.Release|Any CPU.Build.0 = Release|Any CPU
	EndGlobalSection
	GlobalSection(SolutionProperties) = preSolution
		HideSolutionNode = FALSE
	EndGlobalSection
	GlobalSection(ExtensibilityGlobals) = postSolution
		SolutionGuid = {7C9CCCED-73B2-46B9-957B-5EA40A04005B}
	EndGlobalSection
EndGlobal
