
Microsoft Visual Studio Solution File, Format Version 12.00
# Visual Studio Version 16
VisualStudioVersion = 16.0.34301.259
MinimumVisualStudioVersion = 10.0.40219.1
Project("{FAE04EC0-301F-11D3-BF4B-00C04F79EFBC}") = "CrushDrone", "CrushDrone\CrushDrone.csproj", "{985D230A-D717-426B-BE8A-00C0CA1474EC}"
EndProject
Global
	GlobalSection(SolutionConfigurationPlatforms) = preSolution
		Debug|Any CPU = Debug|Any CPU
		Release|Any CPU = Release|Any CPU
	EndGlobalSection
	GlobalSection(ProjectConfigurationPlatforms) = postSolution
		{985D230A-D717-426B-BE8A-00C0CA1474EC}.Debug|Any CPU.ActiveCfg = Debug|Any CPU
		{985D230A-D717-426B-BE8A-00C0CA1474EC}.Debug|Any CPU.Build.0 = Debug|Any CPU
		{985D230A-D717-426B-BE8A-00C0CA1474EC}.Release|Any CPU.ActiveCfg = Release|Any CPU
		{985D230A-D717-426B-BE8A-00C0CA1474EC}.Release|Any CPU.Build.0 = Release|Any CPU
	EndGlobalSection
	GlobalSection(SolutionProperties) = preSolution
		HideSolutionNode = FALSE
	EndGlobalSection
	GlobalSection(ExtensibilityGlobals) = postSolution
		SolutionGuid = {B2E91C45-66A9-493D-A71C-79934205E0AF}
	EndGlobalSection
EndGlobal
